
Microsoft Visual Studio Solution File, Format Version 12.00
# Visual Studio Version 17
VisualStudioVersion = 17.0.31903.59
MinimumVisualStudioVersion = 10.0.40219.1
Project("{2150E333-8FDC-42A3-9474-1A3956D46DE8}") = "kTracker.Manager", "kTracker.Manager", "{0C2D3539-08BF-6F00-9CF5-30A68D009527}"
EndProject
Project("{FAE04EC0-301F-11D3-BF4B-00C04F79EFBC}") = "kTracker.Manager.Desktop", "kTracker.Manager\kTracker.Manager.Desktop\kTracker.Manager.Desktop.csproj", "{7B191993-286C-44D3-9E66-F215BF97B8E4}"
EndProject
Project("{FAE04EC0-301F-11D3-BF4B-00C04F79EFBC}") = "kTracker.Manager", "kTracker.Manager\kTracker.Manager\kTracker.Manager.csproj", "{D29EF24A-1251-48DB-9494-94946DF278C4}"
EndProject
Project("{FAE04EC0-301F-11D3-BF4B-00C04F79EFBC}") = "kTracker.Core", "kTracker.Core\kTracker.Core.csproj", "{9F8CC5FF-424A-4954-8FA3-B41CED8755B9}"
EndProject
Project("{FAE04EC0-301F-11D3-BF4B-00C04F79EFBC}") = "kTracker.Server", "kTracker.Server\kTracker.Server.csproj", "{883BC33F-641B-4A4A-844F-75F1CC69CE9A}"
EndProject
Global
	GlobalSection(SolutionConfigurationPlatforms) = preSolution
		Debug|Any CPU = Debug|Any CPU
		Debug|x64 = Debug|x64
		Debug|x86 = Debug|x86
		Release|Any CPU = Release|Any CPU
		Release|x64 = Release|x64
		Release|x86 = Release|x86
	EndGlobalSection
	GlobalSection(ProjectConfigurationPlatforms) = postSolution
		{7B191993-286C-44D3-9E66-F215BF97B8E4}.Debug|Any CPU.ActiveCfg = Debug|Any CPU
		{7B191993-286C-44D3-9E66-F215BF97B8E4}.Debug|Any CPU.Build.0 = Debug|Any CPU
		{7B191993-286C-44D3-9E66-F215BF97B8E4}.Debug|x64.ActiveCfg = Debug|Any CPU
		{7B191993-286C-44D3-9E66-F215BF97B8E4}.Debug|x64.Build.0 = Debug|Any CPU
		{7B191993-286C-44D3-9E66-F215BF97B8E4}.Debug|x86.ActiveCfg = Debug|Any CPU
		{7B191993-286C-44D3-9E66-F215BF97B8E4}.Debug|x86.Build.0 = Debug|Any CPU
		{7B191993-286C-44D3-9E66-F215BF97B8E4}.Release|Any CPU.ActiveCfg = Release|Any CPU
		{7B191993-286C-44D3-9E66-F215BF97B8E4}.Release|Any CPU.Build.0 = Release|Any CPU
		{7B191993-286C-44D3-9E66-F215BF97B8E4}.Release|x64.ActiveCfg = Release|Any CPU
		{7B191993-286C-44D3-9E66-F215BF97B8E4}.Release|x64.Build.0 = Release|Any CPU
		{7B191993-286C-44D3-9E66-F215BF97B8E4}.Release|x86.ActiveCfg = Release|Any CPU
		{7B191993-286C-44D3-9E66-F215BF97B8E4}.Release|x86.Build.0 = Release|Any CPU
		{D29EF24A-1251-48DB-9494-94946DF278C4}.Debug|Any CPU.ActiveCfg = Debug|Any CPU
		{D29EF24A-1251-48DB-9494-94946DF278C4}.Debug|Any CPU.Build.0 = Debug|Any CPU
		{D29EF24A-1251-48DB-9494-94946DF278C4}.Debug|x64.ActiveCfg = Debug|Any CPU
		{D29EF24A-1251-48DB-9494-94946DF278C4}.Debug|x64.Build.0 = Debug|Any CPU
		{D29EF24A-1251-48DB-9494-94946DF278C4}.Debug|x86.ActiveCfg = Debug|Any CPU
		{D29EF24A-1251-48DB-9494-94946DF278C4}.Debug|x86.Build.0 = Debug|Any CPU
		{D29EF24A-1251-48DB-9494-94946DF278C4}.Release|Any CPU.ActiveCfg = Release|Any CPU
		{D29EF24A-1251-48DB-9494-94946DF278C4}.Release|Any CPU.Build.0 = Release|Any CPU
		{D29EF24A-1251-48DB-9494-94946DF278C4}.Release|x64.ActiveCfg = Release|Any CPU
		{D29EF24A-1251-48DB-9494-94946DF278C4}.Release|x64.Build.0 = Release|Any CPU
		{D29EF24A-1251-48DB-9494-94946DF278C4}.Release|x86.ActiveCfg = Release|Any CPU
		{D29EF24A-1251-48DB-9494-94946DF278C4}.Release|x86.Build.0 = Release|Any CPU
		{9F8CC5FF-424A-4954-8FA3-B41CED8755B9}.Debug|Any CPU.ActiveCfg = Debug|Any CPU
		{9F8CC5FF-424A-4954-8FA3-B41CED8755B9}.Debug|Any CPU.Build.0 = Debug|Any CPU
		{9F8CC5FF-424A-4954-8FA3-B41CED8755B9}.Debug|x64.ActiveCfg = Debug|Any CPU
		{9F8CC5FF-424A-4954-8FA3-B41CED8755B9}.Debug|x64.Build.0 = Debug|Any CPU
		{9F8CC5FF-424A-4954-8FA3-B41CED8755B9}.Debug|x86.ActiveCfg = Debug|Any CPU
		{9F8CC5FF-424A-4954-8FA3-B41CED8755B9}.Debug|x86.Build.0 = Debug|Any CPU
		{9F8CC5FF-424A-4954-8FA3-B41CED8755B9}.Release|Any CPU.ActiveCfg = Release|Any CPU
		{9F8CC5FF-424A-4954-8FA3-B41CED8755B9}.Release|Any CPU.Build.0 = Release|Any CPU
		{9F8CC5FF-424A-4954-8FA3-B41CED8755B9}.Release|x64.ActiveCfg = Release|Any CPU
		{9F8CC5FF-424A-4954-8FA3-B41CED8755B9}.Release|x64.Build.0 = Release|Any CPU
		{9F8CC5FF-424A-4954-8FA3-B41CED8755B9}.Release|x86.ActiveCfg = Release|Any CPU
		{9F8CC5FF-424A-4954-8FA3-B41CED8755B9}.Release|x86.Build.0 = Release|Any CPU
		{883BC33F-641B-4A4A-844F-75F1CC69CE9A}.Debug|Any CPU.ActiveCfg = Debug|Any CPU
		{883BC33F-641B-4A4A-844F-75F1CC69CE9A}.Debug|Any CPU.Build.0 = Debug|Any CPU
		{883BC33F-641B-4A4A-844F-75F1CC69CE9A}.Debug|x64.ActiveCfg = Debug|Any CPU
		{883BC33F-641B-4A4A-844F-75F1CC69CE9A}.Debug|x64.Build.0 = Debug|Any CPU
		{883BC33F-641B-4A4A-844F-75F1CC69CE9A}.Debug|x86.ActiveCfg = Debug|Any CPU
		{883BC33F-641B-4A4A-844F-75F1CC69CE9A}.Debug|x86.Build.0 = Debug|Any CPU
		{883BC33F-641B-4A4A-844F-75F1CC69CE9A}.Release|Any CPU.ActiveCfg = Release|Any CPU
		{883BC33F-641B-4A4A-844F-75F1CC69CE9A}.Release|Any CPU.Build.0 = Release|Any CPU
		{883BC33F-641B-4A4A-844F-75F1CC69CE9A}.Release|x64.ActiveCfg = Release|Any CPU
		{883BC33F-641B-4A4A-844F-75F1CC69CE9A}.Release|x64.Build.0 = Release|Any CPU
		{883BC33F-641B-4A4A-844F-75F1CC69CE9A}.Release|x86.ActiveCfg = Release|Any CPU
		{883BC33F-641B-4A4A-844F-75F1CC69CE9A}.Release|x86.Build.0 = Release|Any CPU
	EndGlobalSection
	GlobalSection(SolutionProperties) = preSolution
		HideSolutionNode = FALSE
	EndGlobalSection
	GlobalSection(NestedProjects) = preSolution
		{7B191993-286C-44D3-9E66-F215BF97B8E4} = {0C2D3539-08BF-6F00-9CF5-30A68D009527}
		{D29EF24A-1251-48DB-9494-94946DF278C4} = {0C2D3539-08BF-6F00-9CF5-30A68D009527}
	EndGlobalSection
EndGlobal
